
Microsoft Visual Studio Solution File, Format Version 12.00
# Visual Studio Version 17
VisualStudioVersion = 17.10.35027.167
MinimumVisualStudioVersion = 10.0.40219.1
Project("{FAE04EC0-301F-11D3-BF4B-00C04F79EFBC}") = "WebApiPractice", "WebApiPractice.csproj", "{73622032-1B74-4FF4-9D78-0571E0756B58}"
EndProject
Global
	GlobalSection(SolutionConfigurationPlatforms) = preSolution
		Debug|Any CPU = Debug|Any CPU
		Release|Any CPU = Release|Any CPU
	EndGlobalSection
	GlobalSection(ProjectConfigurationPlatforms) = postSolution
		{73622032-1B74-4FF4-9D78-0571E0756B58}.Debug|Any CPU.ActiveCfg = Debug|Any CPU
		{73622032-1B74-4FF4-9D78-0571E0756B58}.Debug|Any CPU.Build.0 = Debug|Any CPU
		{73622032-1B74-4FF4-9D78-0571E0756B58}.Release|Any CPU.ActiveCfg = Release|Any CPU
		{73622032-1B74-4FF4-9D78-0571E0756B58}.Release|Any CPU.Build.0 = Release|Any CPU
	EndGlobalSection
	GlobalSection(SolutionProperties) = preSolution
		HideSolutionNode = FALSE
	EndGlobalSection
	GlobalSection(ExtensibilityGlobals) = postSolution
		SolutionGuid = {4412408F-7EE1-43F1-9D0B-4FF1AD4892EA}
	EndGlobalSection
EndGlobal
